
Microsoft Visual Studio Solution File, Format Version 12.00
# Visual Studio Version 17
VisualStudioVersion = 17.5.002.0
MinimumVisualStudioVersion = 10.0.40219.1
Project("{9A19103F-16F7-4668-BE54-9A1E7A4F7556}") = "game", "game.csproj", "{B9249F9B-37A5-4460-B71E-EDFC9AB3EBD0}"
EndProject
Global
	GlobalSection(SolutionConfigurationPlatforms) = preSolution
		Debug|Any CPU = Debug|Any CPU
		Release|Any CPU = Release|Any CPU
	EndGlobalSection
	GlobalSection(ProjectConfigurationPlatforms) = postSolution
		{B9249F9B-37A5-4460-B71E-EDFC9AB3EBD0}.Debug|Any CPU.ActiveCfg = Debug|Any CPU
		{B9249F9B-37A5-4460-B71E-EDFC9AB3EBD0}.Debug|Any CPU.Build.0 = Debug|Any CPU
		{B9249F9B-37A5-4460-B71E-EDFC9AB3EBD0}.Release|Any CPU.ActiveCfg = Release|Any CPU
		{B9249F9B-37A5-4460-B71E-EDFC9AB3EBD0}.Release|Any CPU.Build.0 = Release|Any CPU
	EndGlobalSection
	GlobalSection(SolutionProperties) = preSolution
		HideSolutionNode = FALSE
	EndGlobalSection
	GlobalSection(ExtensibilityGlobals) = postSolution
		SolutionGuid = {ADD711F9-138F-4EDF-94B8-35AA08FAD121}
	EndGlobalSection
EndGlobal
